// !$*UTF8*$!
{
	archiveVersion = 1;
	classes = {
	};
	objectVersion = 50;
	objects = {

/* Begin PBXBuildFile section */
		8E4BAA72242B41B500CEC587 /* TableViewResultsData.xcdatamodeld in Sources */ = {isa = PBXBuildFile; fileRef = 8E4BAA70242B41B500CEC587 /* TableViewResultsData.xcdatamodeld */; };
		8E4BAA75242B45C600CEC587 /* Math+CoreDataClass.swift in Sources */ = {isa = PBXBuildFile; fileRef = 8E4BAA73242B45C600CEC587 /* Math+CoreDataClass.swift */; };
		8E4BAA76242B45C600CEC587 /* Math+CoreDataProperties.swift in Sources */ = {isa = PBXBuildFile; fileRef = 8E4BAA74242B45C600CEC587 /* Math+CoreDataProperties.swift */; };
		8EE1C02C23D4703F00BC7DA1 /* AppDelegate.swift in Sources */ = {isa = PBXBuildFile; fileRef = 8EE1C02B23D4703F00BC7DA1 /* AppDelegate.swift */; };
		8EE1C02E23D4703F00BC7DA1 /* SceneDelegate.swift in Sources */ = {isa = PBXBuildFile; fileRef = 8EE1C02D23D4703F00BC7DA1 /* SceneDelegate.swift */; };
		8EE1C03323D4703F00BC7DA1 /* Main.storyboard in Resources */ = {isa = PBXBuildFile; fileRef = 8EE1C03123D4703F00BC7DA1 /* Main.storyboard */; };
		8EE1C03523D4704300BC7DA1 /* Assets.xcassets in Resources */ = {isa = PBXBuildFile; fileRef = 8EE1C03423D4704300BC7DA1 /* Assets.xcassets */; };
		8EE1C03823D4704300BC7DA1 /* LaunchScreen.storyboard in Resources */ = {isa = PBXBuildFile; fileRef = 8EE1C03623D4704300BC7DA1 /* LaunchScreen.storyboard */; };
		8EE1C04023D48AEA00BC7DA1 /* StartViewController.swift in Sources */ = {isa = PBXBuildFile; fileRef = 8EE1C03F23D48AEA00BC7DA1 /* StartViewController.swift */; };
		8EE1C04423D4BCED00BC7DA1 /* Session.swift in Sources */ = {isa = PBXBuildFile; fileRef = 8EE1C04323D4BCED00BC7DA1 /* Session.swift */; };
		8EE1C04623D4D6F700BC7DA1 /* HistoryTableViewCell.swift in Sources */ = {isa = PBXBuildFile; fileRef = 8EE1C04523D4D6F700BC7DA1 /* HistoryTableViewCell.swift */; };
		8EE1C04823D4DA2100BC7DA1 /* ValueInHistoryTable.swift in Sources */ = {isa = PBXBuildFile; fileRef = 8EE1C04723D4DA2100BC7DA1 /* ValueInHistoryTable.swift */; };
/* End PBXBuildFile section */

/* Begin PBXFileReference section */
		8E4BAA71242B41B500CEC587 /* TableViewResultsData.xcdatamodel */ = {isa = PBXFileReference; lastKnownFileType = wrapper.xcdatamodel; path = TableViewResultsData.xcdatamodel; sourceTree = "<group>"; };
		8E4BAA73242B45C600CEC587 /* Math+CoreDataClass.swift */ = {isa = PBXFileReference; lastKnownFileType = sourcecode.swift; path = "Math+CoreDataClass.swift"; sourceTree = "<group>"; };
		8E4BAA74242B45C600CEC587 /* Math+CoreDataProperties.swift */ = {isa = PBXFileReference; lastKnownFileType = sourcecode.swift; path = "Math+CoreDataProperties.swift"; sourceTree = "<group>"; };
		8E4BAA77242BB2CB00CEC587 /* TableViewResultsData 2.xcdatamodel */ = {isa = PBXFileReference; lastKnownFileType = wrapper.xcdatamodel; path = "TableViewResultsData 2.xcdatamodel"; sourceTree = "<group>"; };
		8EE1C02823D4703F00BC7DA1 /* GikMath.app */ = {isa = PBXFileReference; explicitFileType = wrapper.application; includeInIndex = 0; path = GikMath.app; sourceTree = BUILT_PRODUCTS_DIR; };
		8EE1C02B23D4703F00BC7DA1 /* AppDelegate.swift */ = {isa = PBXFileReference; lastKnownFileType = sourcecode.swift; path = AppDelegate.swift; sourceTree = "<group>"; };
		8EE1C02D23D4703F00BC7DA1 /* SceneDelegate.swift */ = {isa = PBXFileReference; lastKnownFileType = sourcecode.swift; path = SceneDelegate.swift; sourceTree = "<group>"; };
		8EE1C03223D4703F00BC7DA1 /* Base */ = {isa = PBXFileReference; lastKnownFileType = file.storyboard; name = Base; path = Base.lproj/Main.storyboard; sourceTree = "<group>"; };
		8EE1C03423D4704300BC7DA1 /* Assets.xcassets */ = {isa = PBXFileReference; lastKnownFileType = folder.assetcatalog; path = Assets.xcassets; sourceTree = "<group>"; };
		8EE1C03723D4704300BC7DA1 /* Base */ = {isa = PBXFileReference; lastKnownFileType = file.storyboard; name = Base; path = Base.lproj/LaunchScreen.storyboard; sourceTree = "<group>"; };
		8EE1C03923D4704300BC7DA1 /* Info.plist */ = {isa = PBXFileReference; lastKnownFileType = text.plist.xml; path = Info.plist; sourceTree = "<group>"; };
		8EE1C03F23D48AEA00BC7DA1 /* StartViewController.swift */ = {isa = PBXFileReference; lastKnownFileType = sourcecode.swift; path = StartViewController.swift; sourceTree = "<group>"; };
		8EE1C04323D4BCED00BC7DA1 /* Session.swift */ = {isa = PBXFileReference; lastKnownFileType = sourcecode.swift; path = Session.swift; sourceTree = "<group>"; };
		8EE1C04523D4D6F700BC7DA1 /* HistoryTableViewCell.swift */ = {isa = PBXFileReference; lastKnownFileType = sourcecode.swift; path = HistoryTableViewCell.swift; sourceTree = "<group>"; };
		8EE1C04723D4DA2100BC7DA1 /* ValueInHistoryTable.swift */ = {isa = PBXFileReference; lastKnownFileType = sourcecode.swift; path = ValueInHistoryTable.swift; sourceTree = "<group>"; };
/* End PBXFileReference section */

/* Begin PBXFrameworksBuildPhase section */
		8EE1C02523D4703F00BC7DA1 /* Frameworks */ = {
			isa = PBXFrameworksBuildPhase;
			buildActionMask = 2147483647;
			files = (
			);
			runOnlyForDeploymentPostprocessing = 0;
		};
/* End PBXFrameworksBuildPhase section */

/* Begin PBXGroup section */
		8EE1C01F23D4703F00BC7DA1 = {
			isa = PBXGroup;
			children = (
				8E4BAA73242B45C600CEC587 /* Math+CoreDataClass.swift */,
				8E4BAA74242B45C600CEC587 /* Math+CoreDataProperties.swift */,
				8EE1C02A23D4703F00BC7DA1 /* GikMath */,
				8EE1C02923D4703F00BC7DA1 /* Products */,
			);
			sourceTree = "<group>";
		};
		8EE1C02923D4703F00BC7DA1 /* Products */ = {
			isa = PBXGroup;
			children = (
				8EE1C02823D4703F00BC7DA1 /* GikMath.app */,
			);
			name = Products;
			sourceTree = "<group>";
		};
		8EE1C02A23D4703F00BC7DA1 /* GikMath */ = {
			isa = PBXGroup;
			children = (
				8EE1C02B23D4703F00BC7DA1 /* AppDelegate.swift */,
				8EE1C02D23D4703F00BC7DA1 /* SceneDelegate.swift */,
				8EE1C03123D4703F00BC7DA1 /* Main.storyboard */,
				8EE1C03423D4704300BC7DA1 /* Assets.xcassets */,
				8EE1C03623D4704300BC7DA1 /* LaunchScreen.storyboard */,
				8EE1C03923D4704300BC7DA1 /* Info.plist */,
				8EE1C03F23D48AEA00BC7DA1 /* StartViewController.swift */,
				8EE1C04723D4DA2100BC7DA1 /* ValueInHistoryTable.swift */,
				8EE1C04523D4D6F700BC7DA1 /* HistoryTableViewCell.swift */,
				8EE1C04323D4BCED00BC7DA1 /* Session.swift */,
				8E4BAA70242B41B500CEC587 /* TableViewResultsData.xcdatamodeld */,
			);
			path = GikMath;
			sourceTree = "<group>";
		};
/* End PBXGroup section */

/* Begin PBXNativeTarget section */
		8EE1C02723D4703F00BC7DA1 /* GikMath */ = {
			isa = PBXNativeTarget;
			buildConfigurationList = 8EE1C03C23D4704300BC7DA1 /* Build configuration list for PBXNativeTarget "GikMath" */;
			buildPhases = (
				8EE1C02423D4703F00BC7DA1 /* Sources */,
				8EE1C02523D4703F00BC7DA1 /* Frameworks */,
				8EE1C02623D4703F00BC7DA1 /* Resources */,
			);
			buildRules = (
			);
			dependencies = (
			);
			name = GikMath;
			productName = GikMath;
			productReference = 8EE1C02823D4703F00BC7DA1 /* GikMath.app */;
			productType = "com.apple.product-type.application";
		};
/* End PBXNativeTarget section */

/* Begin PBXProject section */
		8EE1C02023D4703F00BC7DA1 /* Project object */ = {
			isa = PBXProject;
			attributes = {
				LastSwiftUpdateCheck = 1130;
				LastUpgradeCheck = 1130;
				ORGANIZATIONNAME = "Stanislav Slipchenko";
				TargetAttributes = {
					8EE1C02723D4703F00BC7DA1 = {
						CreatedOnToolsVersion = 11.3.1;
					};
				};
			};
			buildConfigurationList = 8EE1C02323D4703F00BC7DA1 /* Build configuration list for PBXProject "GikMath" */;
			compatibilityVersion = "Xcode 9.3";
			developmentRegion = en;
			hasScannedForEncodings = 0;
			knownRegions = (
				en,
				Base,
			);
			mainGroup = 8EE1C01F23D4703F00BC7DA1;
			productRefGroup = 8EE1C02923D4703F00BC7DA1 /* Products */;
			projectDirPath = "";
			projectRoot = "";
			targets = (
				8EE1C02723D4703F00BC7DA1 /* GikMath */,
			);
		};
/* End PBXProject section */

/* Begin PBXResourcesBuildPhase section */
		8EE1C02623D4703F00BC7DA1 /* Resources */ = {
			isa = PBXResourcesBuildPhase;
			buildActionMask = 2147483647;
			files = (
				8EE1C03823D4704300BC7DA1 /* LaunchScreen.storyboard in Resources */,
				8EE1C03523D4704300BC7DA1 /* Assets.xcassets in Resources */,
				8EE1C03323D4703F00BC7DA1 /* Main.storyboard in Resources */,
			);
			runOnlyForDeploymentPostprocessing = 0;
		};
/* End PBXResourcesBuildPhase section */

/* Begin PBXSourcesBuildPhase section */
		8EE1C02423D4703F00BC7DA1 /* Sources */ = {
			isa = PBXSourcesBuildPhase;
			buildActionMask = 2147483647;
			files = (
				8EE1C04823D4DA2100BC7DA1 /* ValueInHistoryTable.swift in Sources */,
				8E4BAA75242B45C600CEC587 /* Math+CoreDataClass.swift in Sources */,
				8EE1C04423D4BCED00BC7DA1 /* Session.swift in Sources */,
				8E4BAA76242B45C600CEC587 /* Math+CoreDataProperties.swift in Sources */,
				8EE1C02C23D4703F00BC7DA1 /* AppDelegate.swift in Sources */,
				8E4BAA72242B41B500CEC587 /* TableViewResultsData.xcdatamodeld in Sources */,
				8EE1C02E23D4703F00BC7DA1 /* SceneDelegate.swift in Sources */,
				8EE1C04023D48AEA00BC7DA1 /* StartViewController.swift in Sources */,
				8EE1C04623D4D6F700BC7DA1 /* HistoryTableViewCell.swift in Sources */,
			);
			runOnlyForDeploymentPostprocessing = 0;
		};
/* End PBXSourcesBuildPhase section */

/* Begin PBXVariantGroup section */
		8EE1C03123D4703F00BC7DA1 /* Main.storyboard */ = {
			isa = PBXVariantGroup;
			children = (
				8EE1C03223D4703F00BC7DA1 /* Base */,
			);
			name = Main.storyboard;
			sourceTree = "<group>";
		};
		8EE1C03623D4704300BC7DA1 /* LaunchScreen.storyboard */ = {
			isa = PBXVariantGroup;
			children = (
				8EE1C03723D4704300BC7DA1 /* Base */,
			);
			name = LaunchScreen.storyboard;
			sourceTree = "<group>";
		};
/* End PBXVariantGroup section */

/* Begin XCBuildConfiguration section */
		8EE1C03A23D4704300BC7DA1 /* Debug */ = {
			isa = XCBuildConfiguration;
			buildSettings = {
				ALWAYS_SEARCH_USER_PATHS = NO;
				CLANG_ANALYZER_NONNULL = YES;
				CLANG_ANALYZER_NUMBER_OBJECT_CONVERSION = YES_AGGRESSIVE;
				CLANG_CXX_LANGUAGE_STANDARD = "gnu++14";
				CLANG_CXX_LIBRARY = "libc++";
				CLANG_ENABLE_MODULES = YES;
				CLANG_ENABLE_OBJC_ARC = YES;
				CLANG_ENABLE_OBJC_WEAK = YES;
				CLANG_WARN_BLOCK_CAPTURE_AUTORELEASING = YES;
				CLANG_WARN_BOOL_CONVERSION = YES;
				CLANG_WARN_COMMA = YES;
				CLANG_WARN_CONSTANT_CONVERSION = YES;
				CLANG_WARN_DEPRECATED_OBJC_IMPLEMENTATIONS = YES;
				CLANG_WARN_DIRECT_OBJC_ISA_USAGE = YES_ERROR;
				CLANG_WARN_DOCUMENTATION_COMMENTS = YES;
				CLANG_WARN_EMPTY_BODY = YES;
				CLANG_WARN_ENUM_CONVERSION = YES;
				CLANG_WARN_INFINITE_RECURSION = YES;
				CLANG_WARN_INT_CONVERSION = YES;
				CLANG_WARN_NON_LITERAL_NULL_CONVERSION = YES;
				CLANG_WARN_OBJC_IMPLICIT_RETAIN_SELF = YES;
				CLANG_WARN_OBJC_LITERAL_CONVERSION = YES;
				CLANG_WARN_OBJC_ROOT_CLASS = YES_ERROR;
				CLANG_WARN_RANGE_LOOP_ANALYSIS = YES;
				CLANG_WARN_STRICT_PROTOTYPES = YES;
				CLANG_WARN_SUSPICIOUS_MOVE = YES;
				CLANG_WARN_UNGUARDED_AVAILABILITY = YES_AGGRESSIVE;
				CLANG_WARN_UNREACHABLE_CODE = YES;
				CLANG_WARN__DUPLICATE_METHOD_MATCH = YES;
				COPY_PHASE_STRIP = NO;
				DEBUG_INFORMATION_FORMAT = dwarf;
				ENABLE_STRICT_OBJC_MSGSEND = YES;
				ENABLE_TESTABILITY = YES;
				GCC_C_LANGUAGE_STANDARD = gnu11;
				GCC_DYNAMIC_NO_PIC = NO;
				GCC_NO_COMMON_BLOCKS = YES;
				GCC_OPTIMIZATION_LEVEL = 0;
				GCC_PREPROCESSOR_DEFINITIONS = (
					"DEBUG=1",
					"$(inherited)",
				);
				GCC_WARN_64_TO_32_BIT_CONVERSION = YES;
				GCC_WARN_ABOUT_RETURN_TYPE = YES_ERROR;
				GCC_WARN_UNDECLARED_SELECTOR = YES;
				GCC_WARN_UNINITIALIZED_AUTOS = YES_AGGRESSIVE;
				GCC_WARN_UNUSED_FUNCTION = YES;
				GCC_WARN_UNUSED_VARIABLE = YES;
				IPHONEOS_DEPLOYMENT_TARGET = 13.2;
				MTL_ENABLE_DEBUG_INFO = INCLUDE_SOURCE;
				MTL_FAST_MATH = YES;
				ONLY_ACTIVE_ARCH = YES;
				SDKROOT = iphoneos;
				SWIFT_ACTIVE_COMPILATION_CONDITIONS = DEBUG;
				SWIFT_OPTIMIZATION_LEVEL = "-Onone";
			};
			name = Debug;
		};
		8EE1C03B23D4704300BC7DA1 /* Release */ = {
			isa = XCBuildConfiguration;
			buildSettings = {
				ALWAYS_SEARCH_USER_PATHS = NO;
				CLANG_ANALYZER_NONNULL = YES;
				CLANG_ANALYZER_NUMBER_OBJECT_CONVERSION = YES_AGGRESSIVE;
				CLANG_CXX_LANGUAGE_STANDARD = "gnu++14";
				CLANG_CXX_LIBRARY = "libc++";
				CLANG_ENABLE_MODULES = YES;
				CLANG_ENABLE_OBJC_ARC = YES;
				CLANG_ENABLE_OBJC_WEAK = YES;
				CLANG_WARN_BLOCK_CAPTURE_AUTORELEASING = YES;
				CLANG_WARN_BOOL_CONVERSION = YES;
				CLANG_WARN_COMMA = YES;
				CLANG_WARN_CONSTANT_CONVERSION = YES;
				CLANG_WARN_DEPRECATED_OBJC_IMPLEMENTATIONS = YES;
				CLANG_WARN_DIRECT_OBJC_ISA_USAGE = YES_ERROR;
				CLANG_WARN_DOCUMENTATION_COMMENTS = YES;
				CLANG_WARN_EMPTY_BODY = YES;
				CLANG_WARN_ENUM_CONVERSION = YES;
				CLANG_WARN_INFINITE_RECURSION = YES;
				CLANG_WARN_INT_CONVERSION = YES;
				CLANG_WARN_NON_LITERAL_NULL_CONVERSION = YES;
				CLANG_WARN_OBJC_IMPLICIT_RETAIN_SELF = YES;
				CLANG_WARN_OBJC_LITERAL_CONVERSION = YES;
				CLANG_WARN_OBJC_ROOT_CLASS = YES_ERROR;
				CLANG_WARN_RANGE_LOOP_ANALYSIS = YES;
				CLANG_WARN_STRICT_PROTOTYPES = YES;
				CLANG_WARN_SUSPICIOUS_MOVE = YES;
				CLANG_WARN_UNGUARDED_AVAILABILITY = YES_AGGRESSIVE;
				CLANG_WARN_UNREACHABLE_CODE = YES;
				CLANG_WARN__DUPLICATE_METHOD_MATCH = YES;
				COPY_PHASE_STRIP = NO;
				DEBUG_INFORMATION_FORMAT = "dwarf-with-dsym";
				ENABLE_NS_ASSERTIONS = NO;
				ENABLE_STRICT_OBJC_MSGSEND = YES;
				GCC_C_LANGUAGE_STANDARD = gnu11;
				GCC_NO_COMMON_BLOCKS = YES;
				GCC_WARN_64_TO_32_BIT_CONVERSION = YES;
				GCC_WARN_ABOUT_RETURN_TYPE = YES_ERROR;
				GCC_WARN_UNDECLARED_SELECTOR = YES;
				GCC_WARN_UNINITIALIZED_AUTOS = YES_AGGRESSIVE;
				GCC_WARN_UNUSED_FUNCTION = YES;
				GCC_WARN_UNUSED_VARIABLE = YES;
				IPHONEOS_DEPLOYMENT_TARGET = 13.2;
				MTL_ENABLE_DEBUG_INFO = NO;
				MTL_FAST_MATH = YES;
				SDKROOT = iphoneos;
				SWIFT_COMPILATION_MODE = wholemodule;
				SWIFT_OPTIMIZATION_LEVEL = "-O";
				VALIDATE_PRODUCT = YES;
			};
			name = Release;
		};
		8EE1C03D23D4704300BC7DA1 /* Debug */ = {
			isa = XCBuildConfiguration;
			buildSettings = {
				ASSETCATALOG_COMPILER_APPICON_NAME = AppIcon;
				CODE_SIGN_STYLE = Automatic;
				DEVELOPMENT_TEAM = GAPK9VY2U9;
				INFOPLIST_FILE = GikMath/Info.plist;
				LD_RUNPATH_SEARCH_PATHS = (
					"$(inherited)",
					"@executable_path/Frameworks",
				);
				PRODUCT_BUNDLE_IDENTIFIER = com.slipchenko.GitMath.GikMath;
				PRODUCT_NAME = "$(TARGET_NAME)";
				SWIFT_VERSION = 5.0;
				TARGETED_DEVICE_FAMILY = "1,2";
			};
			name = Debug;
		};
		8EE1C03E23D4704300BC7DA1 /* Release */ = {
			isa = XCBuildConfiguration;
			buildSettings = {
				ASSETCATALOG_COMPILER_APPICON_NAME = AppIcon;
				CODE_SIGN_STYLE = Automatic;
				DEVELOPMENT_TEAM = GAPK9VY2U9;
				INFOPLIST_FILE = GikMath/Info.plist;
				LD_RUNPATH_SEARCH_PATHS = (
					"$(inherited)",
					"@executable_path/Frameworks",
				);
				PRODUCT_BUNDLE_IDENTIFIER = com.slipchenko.GitMath.GikMath;
				PRODUCT_NAME = "$(TARGET_NAME)";
				SWIFT_VERSION = 5.0;
				TARGETED_DEVICE_FAMILY = "1,2";
			};
			name = Release;
		};
/* End XCBuildConfiguration section */

/* Begin XCConfigurationList section */
		8EE1C02323D4703F00BC7DA1 /* Build configuration list for PBXProject "GikMath" */ = {
			isa = XCConfigurationList;
			buildConfigurations = (
				8EE1C03A23D4704300BC7DA1 /* Debug */,
				8EE1C03B23D4704300BC7DA1 /* Release */,
			);
			defaultConfigurationIsVisible = 0;
			defaultConfigurationName = Release;
		};
		8EE1C03C23D4704300BC7DA1 /* Build configuration list for PBXNativeTarget "GikMath" */ = {
			isa = XCConfigurationList;
			buildConfigurations = (
				8EE1C03D23D4704300BC7DA1 /* Debug */,
				8EE1C03E23D4704300BC7DA1 /* Release */,
			);
			defaultConfigurationIsVisible = 0;
			defaultConfigurationName = Release;
		};
/* End XCConfigurationList section */

/* Begin XCVersionGroup section */
		8E4BAA70242B41B500CEC587 /* TableViewResultsData.xcdatamodeld */ = {
			isa = XCVersionGroup;
			children = (
				8E4BAA77242BB2CB00CEC587 /* TableViewResultsData 2.xcdatamodel */,
				8E4BAA71242B41B500CEC587 /* TableViewResultsData.xcdatamodel */,
			);
			currentVersion = 8E4BAA71242B41B500CEC587 /* TableViewResultsData.xcdatamodel */;
			path = TableViewResultsData.xcdatamodeld;
			sourceTree = "<group>";
			versionGroupType = wrapper.xcdatamodel;
		};
/* End XCVersionGroup section */
	};
	rootObject = 8EE1C02023D4703F00BC7DA1 /* Project object */;
}
